
Microsoft Visual Studio Solution File, Format Version 12.00
# Visual Studio Version 16
VisualStudioVersion = 16.0.31624.102
MinimumVisualStudioVersion = 10.0.40219.1
Project("{FAE04EC0-301F-11D3-BF4B-00C04F79EFBC}") = "EncapsulaAccessModifier", "EncapsulaAccessModifier\EncapsulaAccessModifier.csproj", "{5EF0FB97-1DC6-4E62-A5F6-C4EEA7A50BA3}"
EndProject
Global
	GlobalSection(SolutionConfigurationPlatforms) = preSolution
		Debug|Any CPU = Debug|Any CPU
		Release|Any CPU = Release|Any CPU
	EndGlobalSection
	GlobalSection(ProjectConfigurationPlatforms) = postSolution
		{5EF0FB97-1DC6-4E62-A5F6-C4EEA7A50BA3}.Debug|Any CPU.ActiveCfg = Debug|Any CPU
		{5EF0FB97-1DC6-4E62-A5F6-C4EEA7A50BA3}.Debug|Any CPU.Build.0 = Debug|Any CPU
		{5EF0FB97-1DC6-4E62-A5F6-C4EEA7A50BA3}.Release|Any CPU.ActiveCfg = Release|Any CPU
		{5EF0FB97-1DC6-4E62-A5F6-C4EEA7A50BA3}.Release|Any CPU.Build.0 = Release|Any CPU
	EndGlobalSection
	GlobalSection(SolutionProperties) = preSolution
		HideSolutionNode = FALSE
	EndGlobalSection
	GlobalSection(ExtensibilityGlobals) = postSolution
		SolutionGuid = {8BB0B354-6A28-4F30-8967-501665E7A265}
	EndGlobalSection
EndGlobal
